// !$*UTF8*$!
{
	archiveVersion = 1;
	classes = {
	};
	objectVersion = 46;
	objects = {

/* Begin PBXBuildFile section */
		B52900001BAF9FFD00257862 /* YogaToday.Widget.appex in Embed App Extensions */ = {isa = PBXBuildFile; fileRef = B529FFF51BAF9FFD00257862 /* YogaToday.Widget.appex */; settings = {ATTRIBUTES = (RemoveHeadersOnCopy, ); }; };
		B529000C1BAFA04F00257862 /* YogaTodayKit.h in Headers */ = {isa = PBXBuildFile; fileRef = B529000B1BAFA04F00257862 /* YogaTodayKit.h */; settings = {ATTRIBUTES = (Public, ); }; };
		B52900101BAFA04F00257862 /* YogaTodayKit.framework in Frameworks */ = {isa = PBXBuildFile; fileRef = B52900091BAFA04F00257862 /* YogaTodayKit.framework */; };
		B52900111BAFA04F00257862 /* YogaTodayKit.framework in Embed Frameworks */ = {isa = PBXBuildFile; fileRef = B52900091BAFA04F00257862 /* YogaTodayKit.framework */; settings = {ATTRIBUTES = (CodeSignOnCopy, RemoveHeadersOnCopy, ); }; };
		B52900161BAFA06900257862 /* YogaTodayKit.framework in Frameworks */ = {isa = PBXBuildFile; fileRef = B52900091BAFA04F00257862 /* YogaTodayKit.framework */; };
		B52900241BAFA11700257862 /* SwiftyJSON.swift in Sources */ = {isa = PBXBuildFile; fileRef = B52900211BAFA11700257862 /* SwiftyJSON.swift */; settings = {ASSET_TAGS = (); }; };
		B52900271BAFA12300257862 /* NSDate+Utilities.h in Headers */ = {isa = PBXBuildFile; fileRef = B52900251BAFA12300257862 /* NSDate+Utilities.h */; settings = {ATTRIBUTES = (Public, ); }; };
		B52900281BAFA12300257862 /* NSDate+Utilities.m in Sources */ = {isa = PBXBuildFile; fileRef = B52900261BAFA12300257862 /* NSDate+Utilities.m */; settings = {ASSET_TAGS = (); }; };
		B52900321BAFA12D00257862 /* JBBarChartView.h in Headers */ = {isa = PBXBuildFile; fileRef = B529002A1BAFA12D00257862 /* JBBarChartView.h */; settings = {ATTRIBUTES = (Public, ); }; };
		B52900331BAFA12D00257862 /* JBBarChartView.m in Sources */ = {isa = PBXBuildFile; fileRef = B529002B1BAFA12D00257862 /* JBBarChartView.m */; settings = {ASSET_TAGS = (); }; };
		B52900341BAFA12D00257862 /* JBChartView.h in Headers */ = {isa = PBXBuildFile; fileRef = B529002C1BAFA12D00257862 /* JBChartView.h */; settings = {ATTRIBUTES = (Public, ); }; };
		B52900351BAFA12D00257862 /* JBChartView.m in Sources */ = {isa = PBXBuildFile; fileRef = B529002D1BAFA12D00257862 /* JBChartView.m */; settings = {ASSET_TAGS = (); }; };
		B52900361BAFA12D00257862 /* JBLineChartView.h in Headers */ = {isa = PBXBuildFile; fileRef = B529002E1BAFA12D00257862 /* JBLineChartView.h */; settings = {ATTRIBUTES = (Public, ); }; };
		B52900371BAFA12D00257862 /* JBLineChartView.m in Sources */ = {isa = PBXBuildFile; fileRef = B529002F1BAFA12D00257862 /* JBLineChartView.m */; settings = {ASSET_TAGS = (); }; };
		B529005B1BAFA14800257862 /* YogaPoint.swift in Sources */ = {isa = PBXBuildFile; fileRef = B52900591BAFA14800257862 /* YogaPoint.swift */; settings = {ASSET_TAGS = (); }; };
		B529005C1BAFA14800257862 /* YogaStats.swift in Sources */ = {isa = PBXBuildFile; fileRef = B529005A1BAFA14800257862 /* YogaStats.swift */; settings = {ASSET_TAGS = (); }; };
		B529005E1BAFA15000257862 /* YogaService.swift in Sources */ = {isa = PBXBuildFile; fileRef = B529005D1BAFA15000257862 /* YogaService.swift */; settings = {ASSET_TAGS = (); }; };
		B529007F1BAFBC8F00257862 /* NotificationCenter.framework in Frameworks */ = {isa = PBXBuildFile; fileRef = B529FFE11BAF9E3500257862 /* NotificationCenter.framework */; settings = {ASSET_TAGS = (); }; };
		B52900821BAFBC8F00257862 /* TodayViewController.swift in Sources */ = {isa = PBXBuildFile; fileRef = B52900811BAFBC8F00257862 /* TodayViewController.swift */; };
		B52900851BAFBC8F00257862 /* MainInterface.storyboard in Resources */ = {isa = PBXBuildFile; fileRef = B52900831BAFBC8F00257862 /* MainInterface.storyboard */; };
		B52900891BAFBC8F00257862 /* YogaToday.Widget.Video.appex in Embed App Extensions */ = {isa = PBXBuildFile; fileRef = B529007E1BAFBC8F00257862 /* YogaToday.Widget.Video.appex */; settings = {ATTRIBUTES = (RemoveHeadersOnCopy, ); }; };
		B529008E1BAFC32A00257862 /* Media.xcassets in Resources */ = {isa = PBXBuildFile; fileRef = B529008D1BAFC32A00257862 /* Media.xcassets */; settings = {ASSET_TAGS = (); }; };
		B52900901BAFC38000257862 /* Media.xcassets in Resources */ = {isa = PBXBuildFile; fileRef = B529008F1BAFC38000257862 /* Media.xcassets */; settings = {ASSET_TAGS = (); }; };
		B529FFCA1BAF9DBE00257862 /* AppDelegate.swift in Sources */ = {isa = PBXBuildFile; fileRef = B529FFC91BAF9DBE00257862 /* AppDelegate.swift */; };
		B529FFCC1BAF9DBE00257862 /* HomeViewController.swift in Sources */ = {isa = PBXBuildFile; fileRef = B529FFCB1BAF9DBE00257862 /* HomeViewController.swift */; };
		B529FFCF1BAF9DBE00257862 /* Main.storyboard in Resources */ = {isa = PBXBuildFile; fileRef = B529FFCD1BAF9DBE00257862 /* Main.storyboard */; };
		B529FFD11BAF9DBE00257862 /* Assets.xcassets in Resources */ = {isa = PBXBuildFile; fileRef = B529FFD01BAF9DBE00257862 /* Assets.xcassets */; };
		B529FFD41BAF9DBE00257862 /* LaunchScreen.storyboard in Resources */ = {isa = PBXBuildFile; fileRef = B529FFD21BAF9DBE00257862 /* LaunchScreen.storyboard */; };
		B529FFF61BAF9FFD00257862 /* NotificationCenter.framework in Frameworks */ = {isa = PBXBuildFile; fileRef = B529FFE11BAF9E3500257862 /* NotificationCenter.framework */; settings = {ASSET_TAGS = (); }; };
		B529FFF91BAF9FFD00257862 /* TodayViewController.swift in Sources */ = {isa = PBXBuildFile; fileRef = B529FFF81BAF9FFD00257862 /* TodayViewController.swift */; };
		B529FFFC1BAF9FFD00257862 /* MainInterface.storyboard in Resources */ = {isa = PBXBuildFile; fileRef = B529FFFA1BAF9FFD00257862 /* MainInterface.storyboard */; };
		B59F0EFC1BB8C45200A98BF5 /* FBAudienceNetwork.framework in Frameworks */ = {isa = PBXBuildFile; fileRef = B59F0EF71BB8C45200A98BF5 /* FBAudienceNetwork.framework */; };
		B59F0EFD1BB8C45200A98BF5 /* FBSDKCoreKit.framework in Frameworks */ = {isa = PBXBuildFile; fileRef = B59F0EF81BB8C45200A98BF5 /* FBSDKCoreKit.framework */; };
		B59F0EFE1BB8C45200A98BF5 /* FBSDKLoginKit.framework in Frameworks */ = {isa = PBXBuildFile; fileRef = B59F0EF91BB8C45200A98BF5 /* FBSDKLoginKit.framework */; };
		B59F0EFF1BB8C45200A98BF5 /* FBSDKMessengerShareKit.framework in Frameworks */ = {isa = PBXBuildFile; fileRef = B59F0EFA1BB8C45200A98BF5 /* FBSDKMessengerShareKit.framework */; };
		B59F0F001BB8C45200A98BF5 /* FBSDKShareKit.framework in Frameworks */ = {isa = PBXBuildFile; fileRef = B59F0EFB1BB8C45200A98BF5 /* FBSDKShareKit.framework */; };
		B59F0F3A1BB8DCFE00A98BF5 /* Alamofire.framework in Frameworks */ = {isa = PBXBuildFile; fileRef = B59F0F311BB8DCE800A98BF5 /* Alamofire.framework */; };
		B59F0F3B1BB8DCFE00A98BF5 /* AlamofireImage.framework in Frameworks */ = {isa = PBXBuildFile; fileRef = B59F0F1F1BB8DCD400A98BF5 /* AlamofireImage.framework */; };
		B59F0F3C1BB8DD7500A98BF5 /* AlamofireImage.framework in Frameworks */ = {isa = PBXBuildFile; fileRef = B59F0F1F1BB8DCD400A98BF5 /* AlamofireImage.framework */; };
		B59F0F3D1BB8DD7500A98BF5 /* AlamofireImage.framework in Embed Frameworks */ = {isa = PBXBuildFile; fileRef = B59F0F1F1BB8DCD400A98BF5 /* AlamofireImage.framework */; settings = {ATTRIBUTES = (CodeSignOnCopy, RemoveHeadersOnCopy, ); }; };
		B59F0F401BB8DD7500A98BF5 /* Alamofire.framework in Frameworks */ = {isa = PBXBuildFile; fileRef = B59F0F311BB8DCE800A98BF5 /* Alamofire.framework */; };
		B59F0F411BB8DD7500A98BF5 /* Alamofire.framework in Embed Frameworks */ = {isa = PBXBuildFile; fileRef = B59F0F311BB8DCE800A98BF5 /* Alamofire.framework */; settings = {ATTRIBUTES = (CodeSignOnCopy, RemoveHeadersOnCopy, ); }; };
/* End PBXBuildFile section */

/* Begin PBXContainerItemProxy section */
		B529000E1BAFA04F00257862 /* PBXContainerItemProxy */ = {
			isa = PBXContainerItemProxy;
			containerPortal = B529FFBE1BAF9DBE00257862 /* Project object */;
			proxyType = 1;
			remoteGlobalIDString = B52900081BAFA04F00257862;
			remoteInfo = YogaTodayKit;
		};
		B52900871BAFBC8F00257862 /* PBXContainerItemProxy */ = {
			isa = PBXContainerItemProxy;
			containerPortal = B529FFBE1BAF9DBE00257862 /* Project object */;
			proxyType = 1;
			remoteGlobalIDString = B529007D1BAFBC8F00257862;
			remoteInfo = YogaToday.Widget.Video;
		};
		B529FFFE1BAF9FFD00257862 /* PBXContainerItemProxy */ = {
			isa = PBXContainerItemProxy;
			containerPortal = B529FFBE1BAF9DBE00257862 /* Project object */;
			proxyType = 1;
			remoteGlobalIDString = B529FFF41BAF9FFD00257862;
			remoteInfo = YogaToday.Widget;
		};
		B59F0F1E1BB8DCD400A98BF5 /* PBXContainerItemProxy */ = {
			isa = PBXContainerItemProxy;
			containerPortal = B59F0F151BB8DCD400A98BF5 /* AlamofireImage.xcodeproj */;
			proxyType = 2;
			remoteGlobalIDString = 4C9043771AABBFC5001B4E60;
			remoteInfo = "AlamofireImage iOS";
		};
		B59F0F301BB8DCE800A98BF5 /* PBXContainerItemProxy */ = {
			isa = PBXContainerItemProxy;
			containerPortal = B59F0F281BB8DCE800A98BF5 /* Alamofire.xcodeproj */;
			proxyType = 2;
			remoteGlobalIDString = F8111E3319A95C8B0040E7D1;
			remoteInfo = "Alamofire iOS";
		};
		B59F0F3E1BB8DD7500A98BF5 /* PBXContainerItemProxy */ = {
			isa = PBXContainerItemProxy;
			containerPortal = B59F0F151BB8DCD400A98BF5 /* AlamofireImage.xcodeproj */;
			proxyType = 1;
			remoteGlobalIDString = 4C9043761AABBFC5001B4E60;
			remoteInfo = "AlamofireImage iOS";
		};
		B59F0F421BB8DD7500A98BF5 /* PBXContainerItemProxy */ = {
			isa = PBXContainerItemProxy;
			containerPortal = B59F0F281BB8DCE800A98BF5 /* Alamofire.xcodeproj */;
			proxyType = 1;
			remoteGlobalIDString = F8111E3219A95C8B0040E7D1;
			remoteInfo = "Alamofire iOS";
		};
/* End PBXContainerItemProxy section */

/* Begin PBXCopyFilesBuildPhase section */
		B52900151BAFA04F00257862 /* Embed Frameworks */ = {
			isa = PBXCopyFilesBuildPhase;
			buildActionMask = 2147483647;
			dstPath = "";
			dstSubfolderSpec = 10;
			files = (
				B52900111BAFA04F00257862 /* YogaTodayKit.framework in Embed Frameworks */,
				B59F0F411BB8DD7500A98BF5 /* Alamofire.framework in Embed Frameworks */,
				B59F0F3D1BB8DD7500A98BF5 /* AlamofireImage.framework in Embed Frameworks */,
			);
			name = "Embed Frameworks";
			runOnlyForDeploymentPostprocessing = 0;
		};
		B529FFF01BAF9E3500257862 /* Embed App Extensions */ = {
			isa = PBXCopyFilesBuildPhase;
			buildActionMask = 2147483647;
			dstPath = "";
			dstSubfolderSpec = 13;
			files = (
				B52900891BAFBC8F00257862 /* YogaToday.Widget.Video.appex in Embed App Extensions */,
				B52900001BAF9FFD00257862 /* YogaToday.Widget.appex in Embed App Extensions */,
			);
			name = "Embed App Extensions";
			runOnlyForDeploymentPostprocessing = 0;
		};
/* End PBXCopyFilesBuildPhase section */

/* Begin PBXFileReference section */
		B52900091BAFA04F00257862 /* YogaTodayKit.framework */ = {isa = PBXFileReference; explicitFileType = wrapper.framework; includeInIndex = 0; path = YogaTodayKit.framework; sourceTree = BUILT_PRODUCTS_DIR; };
		B529000B1BAFA04F00257862 /* YogaTodayKit.h */ = {isa = PBXFileReference; lastKnownFileType = sourcecode.c.h; path = YogaTodayKit.h; sourceTree = "<group>"; };
		B529000D1BAFA04F00257862 /* Info.plist */ = {isa = PBXFileReference; lastKnownFileType = text.plist.xml; path = Info.plist; sourceTree = "<group>"; };
		B529001E1BAFA11700257862 /* LICENSE */ = {isa = PBXFileReference; fileEncoding = 4; lastKnownFileType = text; name = LICENSE; path = ThirdParty/SwiftyJSON/LICENSE; sourceTree = "<group>"; };
		B529001F1BAFA11700257862 /* README.md */ = {isa = PBXFileReference; fileEncoding = 4; lastKnownFileType = net.daringfireball.markdown; name = README.md; path = ThirdParty/SwiftyJSON/README.md; sourceTree = "<group>"; };
		B52900211BAFA11700257862 /* SwiftyJSON.swift */ = {isa = PBXFileReference; fileEncoding = 4; lastKnownFileType = sourcecode.swift; path = SwiftyJSON.swift; sourceTree = "<group>"; };
		B52900251BAFA12300257862 /* NSDate+Utilities.h */ = {isa = PBXFileReference; fileEncoding = 4; lastKnownFileType = sourcecode.c.h; name = "NSDate+Utilities.h"; path = "ThirdParty/NSDate+Extensions/NSDate+Utilities.h"; sourceTree = "<group>"; };
		B52900261BAFA12300257862 /* NSDate+Utilities.m */ = {isa = PBXFileReference; fileEncoding = 4; lastKnownFileType = sourcecode.c.objc; name = "NSDate+Utilities.m"; path = "ThirdParty/NSDate+Extensions/NSDate+Utilities.m"; sourceTree = "<group>"; };
		B529002A1BAFA12D00257862 /* JBBarChartView.h */ = {isa = PBXFileReference; fileEncoding = 4; lastKnownFileType = sourcecode.c.h; path = JBBarChartView.h; sourceTree = "<group>"; };
		B529002B1BAFA12D00257862 /* JBBarChartView.m */ = {isa = PBXFileReference; fileEncoding = 4; lastKnownFileType = sourcecode.c.objc; path = JBBarChartView.m; sourceTree = "<group>"; };
		B529002C1BAFA12D00257862 /* JBChartView.h */ = {isa = PBXFileReference; fileEncoding = 4; lastKnownFileType = sourcecode.c.h; path = JBChartView.h; sourceTree = "<group>"; };
		B529002D1BAFA12D00257862 /* JBChartView.m */ = {isa = PBXFileReference; fileEncoding = 4; lastKnownFileType = sourcecode.c.objc; path = JBChartView.m; sourceTree = "<group>"; };
		B529002E1BAFA12D00257862 /* JBLineChartView.h */ = {isa = PBXFileReference; fileEncoding = 4; lastKnownFileType = sourcecode.c.h; path = JBLineChartView.h; sourceTree = "<group>"; };
		B529002F1BAFA12D00257862 /* JBLineChartView.m */ = {isa = PBXFileReference; fileEncoding = 4; lastKnownFileType = sourcecode.c.objc; path = JBLineChartView.m; sourceTree = "<group>"; };
		B52900301BAFA12D00257862 /* LICENSE */ = {isa = PBXFileReference; fileEncoding = 4; lastKnownFileType = text; name = LICENSE; path = ThirdParty/JBChartView/LICENSE; sourceTree = "<group>"; };
		B52900311BAFA12D00257862 /* README.md */ = {isa = PBXFileReference; fileEncoding = 4; lastKnownFileType = net.daringfireball.markdown; name = README.md; path = ThirdParty/JBChartView/README.md; sourceTree = "<group>"; };
		B52900591BAFA14800257862 /* YogaPoint.swift */ = {isa = PBXFileReference; fileEncoding = 4; lastKnownFileType = sourcecode.swift; name = YogaPoint.swift; path = Model/YogaPoint.swift; sourceTree = "<group>"; };
		B529005A1BAFA14800257862 /* YogaStats.swift */ = {isa = PBXFileReference; fileEncoding = 4; lastKnownFileType = sourcecode.swift; name = YogaStats.swift; path = Model/YogaStats.swift; sourceTree = "<group>"; };
		B529005D1BAFA15000257862 /* YogaService.swift */ = {isa = PBXFileReference; fileEncoding = 4; lastKnownFileType = sourcecode.swift; name = YogaService.swift; path = Network/YogaService.swift; sourceTree = "<group>"; };
		B529007E1BAFBC8F00257862 /* YogaToday.Widget.Video.appex */ = {isa = PBXFileReference; explicitFileType = "wrapper.app-extension"; includeInIndex = 0; path = YogaToday.Widget.Video.appex; sourceTree = BUILT_PRODUCTS_DIR; };
		B52900811BAFBC8F00257862 /* TodayViewController.swift */ = {isa = PBXFileReference; lastKnownFileType = sourcecode.swift; path = TodayViewController.swift; sourceTree = "<group>"; };
		B52900841BAFBC8F00257862 /* Base */ = {isa = PBXFileReference; lastKnownFileType = file.storyboard; name = Base; path = Base.lproj/MainInterface.storyboard; sourceTree = "<group>"; };
		B52900861BAFBC8F00257862 /* Info.plist */ = {isa = PBXFileReference; lastKnownFileType = text.plist.xml; path = Info.plist; sourceTree = "<group>"; };
		B529008D1BAFC32A00257862 /* Media.xcassets */ = {isa = PBXFileReference; lastKnownFileType = folder.assetcatalog; path = Media.xcassets; sourceTree = "<group>"; };
		B529008F1BAFC38000257862 /* Media.xcassets */ = {isa = PBXFileReference; lastKnownFileType = folder.assetcatalog; path = Media.xcassets; sourceTree = "<group>"; };
		B529FFC61BAF9DBE00257862 /* YogaToday.app */ = {isa = PBXFileReference; explicitFileType = wrapper.application; includeInIndex = 0; path = YogaToday.app; sourceTree = BUILT_PRODUCTS_DIR; };
		B529FFC91BAF9DBE00257862 /* AppDelegate.swift */ = {isa = PBXFileReference; lastKnownFileType = sourcecode.swift; path = AppDelegate.swift; sourceTree = "<group>"; };
		B529FFCB1BAF9DBE00257862 /* HomeViewController.swift */ = {isa = PBXFileReference; lastKnownFileType = sourcecode.swift; path = HomeViewController.swift; sourceTree = "<group>"; };
		B529FFCE1BAF9DBE00257862 /* Base */ = {isa = PBXFileReference; lastKnownFileType = file.storyboard; name = Base; path = Base.lproj/Main.storyboard; sourceTree = "<group>"; };
		B529FFD01BAF9DBE00257862 /* Assets.xcassets */ = {isa = PBXFileReference; lastKnownFileType = folder.assetcatalog; path = Assets.xcassets; sourceTree = "<group>"; };
		B529FFD31BAF9DBE00257862 /* Base */ = {isa = PBXFileReference; lastKnownFileType = file.storyboard; name = Base; path = Base.lproj/LaunchScreen.storyboard; sourceTree = "<group>"; };
		B529FFD51BAF9DBE00257862 /* Info.plist */ = {isa = PBXFileReference; lastKnownFileType = text.plist.xml; path = Info.plist; sourceTree = "<group>"; };
		B529FFE11BAF9E3500257862 /* NotificationCenter.framework */ = {isa = PBXFileReference; lastKnownFileType = wrapper.framework; name = NotificationCenter.framework; path = System/Library/Frameworks/NotificationCenter.framework; sourceTree = SDKROOT; };
		B529FFF51BAF9FFD00257862 /* YogaToday.Widget.appex */ = {isa = PBXFileReference; explicitFileType = "wrapper.app-extension"; includeInIndex = 0; path = YogaToday.Widget.appex; sourceTree = BUILT_PRODUCTS_DIR; };
		B529FFF81BAF9FFD00257862 /* TodayViewController.swift */ = {isa = PBXFileReference; lastKnownFileType = sourcecode.swift; path = TodayViewController.swift; sourceTree = "<group>"; };
		B529FFFB1BAF9FFD00257862 /* Base */ = {isa = PBXFileReference; lastKnownFileType = file.storyboard; name = Base; path = Base.lproj/MainInterface.storyboard; sourceTree = "<group>"; };
		B529FFFD1BAF9FFD00257862 /* Info.plist */ = {isa = PBXFileReference; lastKnownFileType = text.plist.xml; path = Info.plist; sourceTree = "<group>"; };
		B59F0EEA1BB8BE7700A98BF5 /* Bridging-Header.h */ = {isa = PBXFileReference; fileEncoding = 4; lastKnownFileType = sourcecode.c.h; path = "Bridging-Header.h"; sourceTree = "<group>"; };
		B59F0EF71BB8C45200A98BF5 /* FBAudienceNetwork.framework */ = {isa = PBXFileReference; lastKnownFileType = wrapper.framework; name = FBAudienceNetwork.framework; path = ../FacebookSDK/FBAudienceNetwork.framework; sourceTree = "<group>"; };
		B59F0EF81BB8C45200A98BF5 /* FBSDKCoreKit.framework */ = {isa = PBXFileReference; lastKnownFileType = wrapper.framework; name = FBSDKCoreKit.framework; path = ../FacebookSDK/FBSDKCoreKit.framework; sourceTree = "<group>"; };
		B59F0EF91BB8C45200A98BF5 /* FBSDKLoginKit.framework */ = {isa = PBXFileReference; lastKnownFileType = wrapper.framework; name = FBSDKLoginKit.framework; path = ../FacebookSDK/FBSDKLoginKit.framework; sourceTree = "<group>"; };
		B59F0EFA1BB8C45200A98BF5 /* FBSDKMessengerShareKit.framework */ = {isa = PBXFileReference; lastKnownFileType = wrapper.framework; name = FBSDKMessengerShareKit.framework; path = ../FacebookSDK/FBSDKMessengerShareKit.framework; sourceTree = "<group>"; };
		B59F0EFB1BB8C45200A98BF5 /* FBSDKShareKit.framework */ = {isa = PBXFileReference; lastKnownFileType = wrapper.framework; name = FBSDKShareKit.framework; path = ../FacebookSDK/FBSDKShareKit.framework; sourceTree = "<group>"; };
		B59F0F151BB8DCD400A98BF5 /* AlamofireImage.xcodeproj */ = {isa = PBXFileReference; lastKnownFileType = "wrapper.pb-project"; name = AlamofireImage.xcodeproj; path = ThirdParty/AlamofireImage/AlamofireImage.xcodeproj; sourceTree = "<group>"; };
		B59F0F281BB8DCE800A98BF5 /* Alamofire.xcodeproj */ = {isa = PBXFileReference; lastKnownFileType = "wrapper.pb-project"; name = Alamofire.xcodeproj; path = ThirdParty/Alamofire/Alamofire.xcodeproj; sourceTree = "<group>"; };
/* End PBXFileReference section */

/* Begin PBXFrameworksBuildPhase section */
		B52900051BAFA04F00257862 /* Frameworks */ = {
			isa = PBXFrameworksBuildPhase;
			buildActionMask = 2147483647;
			files = (
				B59F0F3A1BB8DCFE00A98BF5 /* Alamofire.framework in Frameworks */,
				B59F0F3B1BB8DCFE00A98BF5 /* AlamofireImage.framework in Frameworks */,
			);
			runOnlyForDeploymentPostprocessing = 0;
		};
		B529007B1BAFBC8F00257862 /* Frameworks */ = {
			isa = PBXFrameworksBuildPhase;
			buildActionMask = 2147483647;
			files = (
				B529007F1BAFBC8F00257862 /* NotificationCenter.framework in Frameworks */,
			);
			runOnlyForDeploymentPostprocessing = 0;
		};
		B529FFC31BAF9DBE00257862 /* Frameworks */ = {
			isa = PBXFrameworksBuildPhase;
			buildActionMask = 2147483647;
			files = (
				B59F0EFC1BB8C45200A98BF5 /* FBAudienceNetwork.framework in Frameworks */,
				B59F0EFD1BB8C45200A98BF5 /* FBSDKCoreKit.framework in Frameworks */,
				B59F0F3C1BB8DD7500A98BF5 /* AlamofireImage.framework in Frameworks */,
				B59F0EFE1BB8C45200A98BF5 /* FBSDKLoginKit.framework in Frameworks */,
				B59F0EFF1BB8C45200A98BF5 /* FBSDKMessengerShareKit.framework in Frameworks */,
				B59F0F001BB8C45200A98BF5 /* FBSDKShareKit.framework in Frameworks */,
				B52900101BAFA04F00257862 /* YogaTodayKit.framework in Frameworks */,
				B59F0F401BB8DD7500A98BF5 /* Alamofire.framework in Frameworks */,
			);
			runOnlyForDeploymentPostprocessing = 0;
		};
		B529FFF21BAF9FFD00257862 /* Frameworks */ = {
			isa = PBXFrameworksBuildPhase;
			buildActionMask = 2147483647;
			files = (
				B52900161BAFA06900257862 /* YogaTodayKit.framework in Frameworks */,
				B529FFF61BAF9FFD00257862 /* NotificationCenter.framework in Frameworks */,
			);
			runOnlyForDeploymentPostprocessing = 0;
		};
/* End PBXFrameworksBuildPhase section */

/* Begin PBXGroup section */
		B529000A1BAFA04F00257862 /* YogaTodayKit */ = {
			isa = PBXGroup;
			children = (
				B52900191BAFA0CC00257862 /* ThirdParty */,
				B52900181BAFA0C600257862 /* Model */,
				B52900171BAFA0BE00257862 /* Network */,
				B529000B1BAFA04F00257862 /* YogaTodayKit.h */,
				B529000D1BAFA04F00257862 /* Info.plist */,
			);
			path = YogaTodayKit;
			sourceTree = "<group>";
		};
		B52900171BAFA0BE00257862 /* Network */ = {
			isa = PBXGroup;
			children = (
				B529005D1BAFA15000257862 /* YogaService.swift */,
			);
			name = Network;
			sourceTree = "<group>";
		};
		B52900181BAFA0C600257862 /* Model */ = {
			isa = PBXGroup;
			children = (
				B52900591BAFA14800257862 /* YogaPoint.swift */,
				B529005A1BAFA14800257862 /* YogaStats.swift */,
			);
			name = Model;
			sourceTree = "<group>";
		};
		B52900191BAFA0CC00257862 /* ThirdParty */ = {
			isa = PBXGroup;
			children = (
				B59F0F011BB8D97B00A98BF5 /* AlamofireImage */,
				B529001D1BAFA10900257862 /* SwiftyJSON */,
				B529001C1BAFA0FC00257862 /* NSDate+Extensions */,
				B529001B1BAFA0F100257862 /* JBChartView */,
				B529001A1BAFA0DB00257862 /* Alamofire */,
			);
			name = ThirdParty;
			sourceTree = "<group>";
		};
		B529001A1BAFA0DB00257862 /* Alamofire */ = {
			isa = PBXGroup;
			children = (
				B59F0F281BB8DCE800A98BF5 /* Alamofire.xcodeproj */,
			);
			name = Alamofire;
			sourceTree = "<group>";
		};
		B529001B1BAFA0F100257862 /* JBChartView */ = {
			isa = PBXGroup;
			children = (
				B52900291BAFA12D00257862 /* Classes */,
				B52900301BAFA12D00257862 /* LICENSE */,
				B52900311BAFA12D00257862 /* README.md */,
			);
			name = JBChartView;
			sourceTree = "<group>";
		};
		B529001C1BAFA0FC00257862 /* NSDate+Extensions */ = {
			isa = PBXGroup;
			children = (
				B52900251BAFA12300257862 /* NSDate+Utilities.h */,
				B52900261BAFA12300257862 /* NSDate+Utilities.m */,
			);
			name = "NSDate+Extensions";
			sourceTree = "<group>";
		};
		B529001D1BAFA10900257862 /* SwiftyJSON */ = {
			isa = PBXGroup;
			children = (
				B529001E1BAFA11700257862 /* LICENSE */,
				B529001F1BAFA11700257862 /* README.md */,
				B52900201BAFA11700257862 /* Source */,
			);
			name = SwiftyJSON;
			sourceTree = "<group>";
		};
		B52900201BAFA11700257862 /* Source */ = {
			isa = PBXGroup;
			children = (
				B52900211BAFA11700257862 /* SwiftyJSON.swift */,
			);
			name = Source;
			path = ThirdParty/SwiftyJSON/Source;
			sourceTree = "<group>";
		};
		B52900291BAFA12D00257862 /* Classes */ = {
			isa = PBXGroup;
			children = (
				B529002A1BAFA12D00257862 /* JBBarChartView.h */,
				B529002B1BAFA12D00257862 /* JBBarChartView.m */,
				B529002C1BAFA12D00257862 /* JBChartView.h */,
				B529002D1BAFA12D00257862 /* JBChartView.m */,
				B529002E1BAFA12D00257862 /* JBLineChartView.h */,
				B529002F1BAFA12D00257862 /* JBLineChartView.m */,
			);
			name = Classes;
			path = ThirdParty/JBChartView/Classes;
			sourceTree = "<group>";
		};
		B52900801BAFBC8F00257862 /* YogaToday.Widget.Video */ = {
			isa = PBXGroup;
			children = (
				B52900811BAFBC8F00257862 /* TodayViewController.swift */,
				B52900831BAFBC8F00257862 /* MainInterface.storyboard */,
				B52900861BAFBC8F00257862 /* Info.plist */,
				B529008D1BAFC32A00257862 /* Media.xcassets */,
			);
			path = YogaToday.Widget.Video;
			sourceTree = "<group>";
		};
		B529FFBD1BAF9DBE00257862 = {
			isa = PBXGroup;
			children = (
				B529FFC81BAF9DBE00257862 /* YogaToday */,
				B529FFF71BAF9FFD00257862 /* YogaToday.Widget */,
				B52900801BAFBC8F00257862 /* YogaToday.Widget.Video */,
				B529000A1BAFA04F00257862 /* YogaTodayKit */,
				B529FFE01BAF9E3500257862 /* Frameworks */,
				B529FFC71BAF9DBE00257862 /* Products */,
			);
			sourceTree = "<group>";
		};
		B529FFC71BAF9DBE00257862 /* Products */ = {
			isa = PBXGroup;
			children = (
				B529FFC61BAF9DBE00257862 /* YogaToday.app */,
				B529FFF51BAF9FFD00257862 /* YogaToday.Widget.appex */,
				B52900091BAFA04F00257862 /* YogaTodayKit.framework */,
				B529007E1BAFBC8F00257862 /* YogaToday.Widget.Video.appex */,
			);
			name = Products;
			sourceTree = "<group>";
		};
		B529FFC81BAF9DBE00257862 /* YogaToday */ = {
			isa = PBXGroup;
			children = (
				B529FFC91BAF9DBE00257862 /* AppDelegate.swift */,
				B529FFCB1BAF9DBE00257862 /* HomeViewController.swift */,
				B529FFCD1BAF9DBE00257862 /* Main.storyboard */,
				B529FFD01BAF9DBE00257862 /* Assets.xcassets */,
				B529FFD21BAF9DBE00257862 /* LaunchScreen.storyboard */,
				B529FFD51BAF9DBE00257862 /* Info.plist */,
				B59F0EEA1BB8BE7700A98BF5 /* Bridging-Header.h */,
			);
			path = YogaToday;
			sourceTree = "<group>";
		};
		B529FFE01BAF9E3500257862 /* Frameworks */ = {
			isa = PBXGroup;
			children = (
				B59F0EF71BB8C45200A98BF5 /* FBAudienceNetwork.framework */,
				B59F0EF81BB8C45200A98BF5 /* FBSDKCoreKit.framework */,
				B59F0EF91BB8C45200A98BF5 /* FBSDKLoginKit.framework */,
				B59F0EFA1BB8C45200A98BF5 /* FBSDKMessengerShareKit.framework */,
				B59F0EFB1BB8C45200A98BF5 /* FBSDKShareKit.framework */,
				B529FFE11BAF9E3500257862 /* NotificationCenter.framework */,
			);
			name = Frameworks;
			sourceTree = "<group>";
		};
		B529FFF71BAF9FFD00257862 /* YogaToday.Widget */ = {
			isa = PBXGroup;
			children = (
				B529FFF81BAF9FFD00257862 /* TodayViewController.swift */,
				B529FFFA1BAF9FFD00257862 /* MainInterface.storyboard */,
				B529FFFD1BAF9FFD00257862 /* Info.plist */,
				B529008F1BAFC38000257862 /* Media.xcassets */,
			);
			path = YogaToday.Widget;
			sourceTree = "<group>";
		};
		B59F0F011BB8D97B00A98BF5 /* AlamofireImage */ = {
			isa = PBXGroup;
			children = (
				B59F0F151BB8DCD400A98BF5 /* AlamofireImage.xcodeproj */,
			);
			name = AlamofireImage;
			sourceTree = "<group>";
		};
		B59F0F161BB8DCD400A98BF5 /* Products */ = {
			isa = PBXGroup;
			children = (
				B59F0F1F1BB8DCD400A98BF5 /* AlamofireImage.framework */,
			);
			name = Products;
			sourceTree = "<group>";
		};
		B59F0F291BB8DCE800A98BF5 /* Products */ = {
			isa = PBXGroup;
			children = (
				B59F0F311BB8DCE800A98BF5 /* Alamofire.framework */,
			);
			name = Products;
			sourceTree = "<group>";
		};
/* End PBXGroup section */

/* Begin PBXHeadersBuildPhase section */
		B52900061BAFA04F00257862 /* Headers */ = {
			isa = PBXHeadersBuildPhase;
			buildActionMask = 2147483647;
			files = (
				B52900361BAFA12D00257862 /* JBLineChartView.h in Headers */,
				B52900271BAFA12300257862 /* NSDate+Utilities.h in Headers */,
				B52900341BAFA12D00257862 /* JBChartView.h in Headers */,
				B52900321BAFA12D00257862 /* JBBarChartView.h in Headers */,
				B529000C1BAFA04F00257862 /* YogaTodayKit.h in Headers */,
			);
			runOnlyForDeploymentPostprocessing = 0;
		};
/* End PBXHeadersBuildPhase section */

/* Begin PBXNativeTarget section */
		B52900081BAFA04F00257862 /* YogaTodayKit */ = {
			isa = PBXNativeTarget;
			buildConfigurationList = B52900121BAFA04F00257862 /* Build configuration list for PBXNativeTarget "YogaTodayKit" */;
			buildPhases = (
				B52900041BAFA04F00257862 /* Sources */,
				B52900051BAFA04F00257862 /* Frameworks */,
				B52900061BAFA04F00257862 /* Headers */,
				B52900071BAFA04F00257862 /* Resources */,
			);
			buildRules = (
			);
			dependencies = (
			);
			name = YogaTodayKit;
			productName = YogaTodayKit;
			productReference = B52900091BAFA04F00257862 /* YogaTodayKit.framework */;
			productType = "com.apple.product-type.framework";
		};
		B529007D1BAFBC8F00257862 /* YogaToday.Widget.Video */ = {
			isa = PBXNativeTarget;
			buildConfigurationList = B529008A1BAFBC8F00257862 /* Build configuration list for PBXNativeTarget "YogaToday.Widget.Video" */;
			buildPhases = (
				B529007A1BAFBC8F00257862 /* Sources */,
				B529007B1BAFBC8F00257862 /* Frameworks */,
				B529007C1BAFBC8F00257862 /* Resources */,
			);
			buildRules = (
			);
			dependencies = (
			);
			name = YogaToday.Widget.Video;
			productName = YogaToday.Widget.Video;
			productReference = B529007E1BAFBC8F00257862 /* YogaToday.Widget.Video.appex */;
			productType = "com.apple.product-type.app-extension";
		};
		B529FFC51BAF9DBE00257862 /* YogaToday */ = {
			isa = PBXNativeTarget;
			buildConfigurationList = B529FFD81BAF9DBE00257862 /* Build configuration list for PBXNativeTarget "YogaToday" */;
			buildPhases = (
				B529FFC21BAF9DBE00257862 /* Sources */,
				B529FFC31BAF9DBE00257862 /* Frameworks */,
				B529FFC41BAF9DBE00257862 /* Resources */,
				B529FFF01BAF9E3500257862 /* Embed App Extensions */,
				B52900151BAFA04F00257862 /* Embed Frameworks */,
			);
			buildRules = (
			);
			dependencies = (
				B529FFFF1BAF9FFD00257862 /* PBXTargetDependency */,
				B529000F1BAFA04F00257862 /* PBXTargetDependency */,
				B52900881BAFBC8F00257862 /* PBXTargetDependency */,
				B59F0F3F1BB8DD7500A98BF5 /* PBXTargetDependency */,
				B59F0F431BB8DD7500A98BF5 /* PBXTargetDependency */,
			);
			name = YogaToday;
			productName = YogaToday;
			productReference = B529FFC61BAF9DBE00257862 /* YogaToday.app */;
			productType = "com.apple.product-type.application";
		};
		B529FFF41BAF9FFD00257862 /* YogaToday.Widget */ = {
			isa = PBXNativeTarget;
			buildConfigurationList = B52900011BAF9FFD00257862 /* Build configuration list for PBXNativeTarget "YogaToday.Widget" */;
			buildPhases = (
				B529FFF11BAF9FFD00257862 /* Sources */,
				B529FFF21BAF9FFD00257862 /* Frameworks */,
				B529FFF31BAF9FFD00257862 /* Resources */,
			);
			buildRules = (
			);
			dependencies = (
			);
			name = YogaToday.Widget;
			productName = YogaToday.Widget;
			productReference = B529FFF51BAF9FFD00257862 /* YogaToday.Widget.appex */;
			productType = "com.apple.product-type.app-extension";
		};
/* End PBXNativeTarget section */

/* Begin PBXProject section */
		B529FFBE1BAF9DBE00257862 /* Project object */ = {
			isa = PBXProject;
			attributes = {
				LastSwiftUpdateCheck = 0700;
				LastUpgradeCheck = 0700;
				ORGANIZATIONNAME = "Benjamin Jia";
				TargetAttributes = {
					B52900081BAFA04F00257862 = {
						CreatedOnToolsVersion = 7.0;
					};
					B529007D1BAFBC8F00257862 = {
						CreatedOnToolsVersion = 7.0;
					};
					B529FFC51BAF9DBE00257862 = {
						CreatedOnToolsVersion = 7.0;
					};
					B529FFF41BAF9FFD00257862 = {
						CreatedOnToolsVersion = 7.0;
					};
				};
			};
			buildConfigurationList = B529FFC11BAF9DBE00257862 /* Build configuration list for PBXProject "YogaToday" */;
			compatibilityVersion = "Xcode 3.2";
			developmentRegion = English;
			hasScannedForEncodings = 0;
			knownRegions = (
				en,
				Base,
			);
			mainGroup = B529FFBD1BAF9DBE00257862;
			productRefGroup = B529FFC71BAF9DBE00257862 /* Products */;
			projectDirPath = "";
			projectReferences = (
				{
					ProductGroup = B59F0F291BB8DCE800A98BF5 /* Products */;
					ProjectRef = B59F0F281BB8DCE800A98BF5 /* Alamofire.xcodeproj */;
				},
				{
					ProductGroup = B59F0F161BB8DCD400A98BF5 /* Products */;
					ProjectRef = B59F0F151BB8DCD400A98BF5 /* AlamofireImage.xcodeproj */;
				},
			);
			projectRoot = "";
			targets = (
				B529FFC51BAF9DBE00257862 /* YogaToday */,
				B529FFF41BAF9FFD00257862 /* YogaToday.Widget */,
				B52900081BAFA04F00257862 /* YogaTodayKit */,
				B529007D1BAFBC8F00257862 /* YogaToday.Widget.Video */,
			);
		};
/* End PBXProject section */

/* Begin PBXReferenceProxy section */
		B59F0F1F1BB8DCD400A98BF5 /* AlamofireImage.framework */ = {
			isa = PBXReferenceProxy;
			fileType = wrapper.framework;
			path = AlamofireImage.framework;
			remoteRef = B59F0F1E1BB8DCD400A98BF5 /* PBXContainerItemProxy */;
			sourceTree = BUILT_PRODUCTS_DIR;
		};
		B59F0F311BB8DCE800A98BF5 /* Alamofire.framework */ = {
			isa = PBXReferenceProxy;
			fileType = wrapper.framework;
			path = Alamofire.framework;
			remoteRef = B59F0F301BB8DCE800A98BF5 /* PBXContainerItemProxy */;
			sourceTree = BUILT_PRODUCTS_DIR;
		};
/* End PBXReferenceProxy section */

/* Begin PBXResourcesBuildPhase section */
		B52900071BAFA04F00257862 /* Resources */ = {
			isa = PBXResourcesBuildPhase;
			buildActionMask = 2147483647;
			files = (
			);
			runOnlyForDeploymentPostprocessing = 0;
		};
		B529007C1BAFBC8F00257862 /* Resources */ = {
			isa = PBXResourcesBuildPhase;
			buildActionMask = 2147483647;
			files = (
				B529008E1BAFC32A00257862 /* Media.xcassets in Resources */,
				B52900851BAFBC8F00257862 /* MainInterface.storyboard in Resources */,
			);
			runOnlyForDeploymentPostprocessing = 0;
		};
		B529FFC41BAF9DBE00257862 /* Resources */ = {
			isa = PBXResourcesBuildPhase;
			buildActionMask = 2147483647;
			files = (
				B529FFD41BAF9DBE00257862 /* LaunchScreen.storyboard in Resources */,
				B529FFD11BAF9DBE00257862 /* Assets.xcassets in Resources */,
				B529FFCF1BAF9DBE00257862 /* Main.storyboard in Resources */,
			);
			runOnlyForDeploymentPostprocessing = 0;
		};
		B529FFF31BAF9FFD00257862 /* Resources */ = {
			isa = PBXResourcesBuildPhase;
			buildActionMask = 2147483647;
			files = (
				B52900901BAFC38000257862 /* Media.xcassets in Resources */,
				B529FFFC1BAF9FFD00257862 /* MainInterface.storyboard in Resources */,
			);
			runOnlyForDeploymentPostprocessing = 0;
		};
/* End PBXResourcesBuildPhase section */

/* Begin PBXSourcesBuildPhase section */
		B52900041BAFA04F00257862 /* Sources */ = {
			isa = PBXSourcesBuildPhase;
			buildActionMask = 2147483647;
			files = (
				B52900371BAFA12D00257862 /* JBLineChartView.m in Sources */,
				B52900331BAFA12D00257862 /* JBBarChartView.m in Sources */,
				B52900281BAFA12300257862 /* NSDate+Utilities.m in Sources */,
				B52900351BAFA12D00257862 /* JBChartView.m in Sources */,
				B52900241BAFA11700257862 /* SwiftyJSON.swift in Sources */,
				B529005B1BAFA14800257862 /* YogaPoint.swift in Sources */,
				B529005C1BAFA14800257862 /* YogaStats.swift in Sources */,
				B529005E1BAFA15000257862 /* YogaService.swift in Sources */,
			);
			runOnlyForDeploymentPostprocessing = 0;
		};
		B529007A1BAFBC8F00257862 /* Sources */ = {
			isa = PBXSourcesBuildPhase;
			buildActionMask = 2147483647;
			files = (
				B52900821BAFBC8F00257862 /* TodayViewController.swift in Sources */,
			);
			runOnlyForDeploymentPostprocessing = 0;
		};
		B529FFC21BAF9DBE00257862 /* Sources */ = {
			isa = PBXSourcesBuildPhase;
			buildActionMask = 2147483647;
			files = (
				B529FFCC1BAF9DBE00257862 /* HomeViewController.swift in Sources */,
				B529FFCA1BAF9DBE00257862 /* AppDelegate.swift in Sources */,
			);
			runOnlyForDeploymentPostprocessing = 0;
		};
		B529FFF11BAF9FFD00257862 /* Sources */ = {
			isa = PBXSourcesBuildPhase;
			buildActionMask = 2147483647;
			files = (
				B529FFF91BAF9FFD00257862 /* TodayViewController.swift in Sources */,
			);
			runOnlyForDeploymentPostprocessing = 0;
		};
/* End PBXSourcesBuildPhase section */

/* Begin PBXTargetDependency section */
		B529000F1BAFA04F00257862 /* PBXTargetDependency */ = {
			isa = PBXTargetDependency;
			target = B52900081BAFA04F00257862 /* YogaTodayKit */;
			targetProxy = B529000E1BAFA04F00257862 /* PBXContainerItemProxy */;
		};
		B52900881BAFBC8F00257862 /* PBXTargetDependency */ = {
			isa = PBXTargetDependency;
			target = B529007D1BAFBC8F00257862 /* YogaToday.Widget.Video */;
			targetProxy = B52900871BAFBC8F00257862 /* PBXContainerItemProxy */;
		};
		B529FFFF1BAF9FFD00257862 /* PBXTargetDependency */ = {
			isa = PBXTargetDependency;
			target = B529FFF41BAF9FFD00257862 /* YogaToday.Widget */;
			targetProxy = B529FFFE1BAF9FFD00257862 /* PBXContainerItemProxy */;
		};
		B59F0F3F1BB8DD7500A98BF5 /* PBXTargetDependency */ = {
			isa = PBXTargetDependency;
			name = "AlamofireImage iOS";
			targetProxy = B59F0F3E1BB8DD7500A98BF5 /* PBXContainerItemProxy */;
		};
		B59F0F431BB8DD7500A98BF5 /* PBXTargetDependency */ = {
			isa = PBXTargetDependency;
			name = "Alamofire iOS";
			targetProxy = B59F0F421BB8DD7500A98BF5 /* PBXContainerItemProxy */;
		};
/* End PBXTargetDependency section */

/* Begin PBXVariantGroup section */
		B52900831BAFBC8F00257862 /* MainInterface.storyboard */ = {
			isa = PBXVariantGroup;
			children = (
				B52900841BAFBC8F00257862 /* Base */,
			);
			name = MainInterface.storyboard;
			sourceTree = "<group>";
		};
		B529FFCD1BAF9DBE00257862 /* Main.storyboard */ = {
			isa = PBXVariantGroup;
			children = (
				B529FFCE1BAF9DBE00257862 /* Base */,
			);
			name = Main.storyboard;
			sourceTree = "<group>";
		};
		B529FFD21BAF9DBE00257862 /* LaunchScreen.storyboard */ = {
			isa = PBXVariantGroup;
			children = (
				B529FFD31BAF9DBE00257862 /* Base */,
			);
			name = LaunchScreen.storyboard;
			sourceTree = "<group>";
		};
		B529FFFA1BAF9FFD00257862 /* MainInterface.storyboard */ = {
			isa = PBXVariantGroup;
			children = (
				B529FFFB1BAF9FFD00257862 /* Base */,
			);
			name = MainInterface.storyboard;
			sourceTree = "<group>";
		};
/* End PBXVariantGroup section */

/* Begin XCBuildConfiguration section */
		B52900021BAF9FFD00257862 /* Debug */ = {
			isa = XCBuildConfiguration;
			buildSettings = {
				INFOPLIST_FILE = YogaToday.Widget/Info.plist;
				LD_RUNPATH_SEARCH_PATHS = "$(inherited) @executable_path/Frameworks @executable_path/../../Frameworks";
				PRODUCT_BUNDLE_IDENTIFIER = "jiahu.net.YogaToday.YogaToday-Widget";
				PRODUCT_NAME = "$(TARGET_NAME)";
				SKIP_INSTALL = YES;
			};
			name = Debug;
		};
		B52900031BAF9FFD00257862 /* Release */ = {
			isa = XCBuildConfiguration;
			buildSettings = {
				INFOPLIST_FILE = YogaToday.Widget/Info.plist;
				LD_RUNPATH_SEARCH_PATHS = "$(inherited) @executable_path/Frameworks @executable_path/../../Frameworks";
				PRODUCT_BUNDLE_IDENTIFIER = "jiahu.net.YogaToday.YogaToday-Widget";
				PRODUCT_NAME = "$(TARGET_NAME)";
				SKIP_INSTALL = YES;
			};
			name = Release;
		};
		B52900131BAFA04F00257862 /* Debug */ = {
			isa = XCBuildConfiguration;
			buildSettings = {
				CLANG_ENABLE_MODULES = YES;
				CURRENT_PROJECT_VERSION = 1;
				DEFINES_MODULE = YES;
				DYLIB_COMPATIBILITY_VERSION = 1;
				DYLIB_CURRENT_VERSION = 1;
				DYLIB_INSTALL_NAME_BASE = "@rpath";
				FRAMEWORK_SEARCH_PATHS = /Users/Ben/Dropbox/Projects/iOS/iOS8/FacebookSDK/;
				INFOPLIST_FILE = YogaTodayKit/Info.plist;
				INSTALL_PATH = "$(LOCAL_LIBRARY_DIR)/Frameworks";
				LD_RUNPATH_SEARCH_PATHS = "$(inherited) @executable_path/Frameworks @loader_path/Frameworks";
				PRODUCT_BUNDLE_IDENTIFIER = jiahu.net.YogaTodayKit;
				PRODUCT_NAME = "$(TARGET_NAME)";
				SKIP_INSTALL = YES;
				SWIFT_OPTIMIZATION_LEVEL = "-Onone";
				TARGETED_DEVICE_FAMILY = "1,2";
				VERSIONING_SYSTEM = "apple-generic";
				VERSION_INFO_PREFIX = "";
			};
			name = Debug;
		};
		B52900141BAFA04F00257862 /* Release */ = {
			isa = XCBuildConfiguration;
			buildSettings = {
				CLANG_ENABLE_MODULES = YES;
				CURRENT_PROJECT_VERSION = 1;
				DEFINES_MODULE = YES;
				DYLIB_COMPATIBILITY_VERSION = 1;
				DYLIB_CURRENT_VERSION = 1;
				DYLIB_INSTALL_NAME_BASE = "@rpath";
				FRAMEWORK_SEARCH_PATHS = /Users/Ben/Dropbox/Projects/iOS/iOS8/FacebookSDK/;
				INFOPLIST_FILE = YogaTodayKit/Info.plist;
				INSTALL_PATH = "$(LOCAL_LIBRARY_DIR)/Frameworks";
				LD_RUNPATH_SEARCH_PATHS = "$(inherited) @executable_path/Frameworks @loader_path/Frameworks";
				PRODUCT_BUNDLE_IDENTIFIER = jiahu.net.YogaTodayKit;
				PRODUCT_NAME = "$(TARGET_NAME)";
				SKIP_INSTALL = YES;
				TARGETED_DEVICE_FAMILY = "1,2";
				VERSIONING_SYSTEM = "apple-generic";
				VERSION_INFO_PREFIX = "";
			};
			name = Release;
		};
		B529008B1BAFBC8F00257862 /* Debug */ = {
			isa = XCBuildConfiguration;
			buildSettings = {
				INFOPLIST_FILE = YogaToday.Widget.Video/Info.plist;
				LD_RUNPATH_SEARCH_PATHS = "$(inherited) @executable_path/Frameworks @executable_path/../../Frameworks";
				PRODUCT_BUNDLE_IDENTIFIER = "jiahu.net.YogaToday.YogaToday-Widget-Video";
				PRODUCT_NAME = "$(TARGET_NAME)";
				SKIP_INSTALL = YES;
			};
			name = Debug;
		};
		B529008C1BAFBC8F00257862 /* Release */ = {
			isa = XCBuildConfiguration;
			buildSettings = {
				INFOPLIST_FILE = YogaToday.Widget.Video/Info.plist;
				LD_RUNPATH_SEARCH_PATHS = "$(inherited) @executable_path/Frameworks @executable_path/../../Frameworks";
				PRODUCT_BUNDLE_IDENTIFIER = "jiahu.net.YogaToday.YogaToday-Widget-Video";
				PRODUCT_NAME = "$(TARGET_NAME)";
				SKIP_INSTALL = YES;
			};
			name = Release;
		};
		B529FFD61BAF9DBE00257862 /* Debug */ = {
			isa = XCBuildConfiguration;
			buildSettings = {
				ALWAYS_SEARCH_USER_PATHS = NO;
				CLANG_CXX_LANGUAGE_STANDARD = "gnu++0x";
				CLANG_CXX_LIBRARY = "libc++";
				CLANG_ENABLE_MODULES = YES;
				CLANG_ENABLE_OBJC_ARC = YES;
				CLANG_WARN_BOOL_CONVERSION = YES;
				CLANG_WARN_CONSTANT_CONVERSION = YES;
				CLANG_WARN_DIRECT_OBJC_ISA_USAGE = YES_ERROR;
				CLANG_WARN_EMPTY_BODY = YES;
				CLANG_WARN_ENUM_CONVERSION = YES;
				CLANG_WARN_INT_CONVERSION = YES;
				CLANG_WARN_OBJC_ROOT_CLASS = YES_ERROR;
				CLANG_WARN_UNREACHABLE_CODE = YES;
				CLANG_WARN__DUPLICATE_METHOD_MATCH = YES;
				"CODE_SIGN_IDENTITY[sdk=iphoneos*]" = "iPhone Developer";
				COPY_PHASE_STRIP = NO;
				DEBUG_INFORMATION_FORMAT = dwarf;
				ENABLE_STRICT_OBJC_MSGSEND = YES;
				ENABLE_TESTABILITY = YES;
				GCC_C_LANGUAGE_STANDARD = gnu99;
				GCC_DYNAMIC_NO_PIC = NO;
				GCC_NO_COMMON_BLOCKS = YES;
				GCC_OPTIMIZATION_LEVEL = 0;
				GCC_PREPROCESSOR_DEFINITIONS = (
					"DEBUG=1",
					"$(inherited)",
				);
				GCC_WARN_64_TO_32_BIT_CONVERSION = YES;
				GCC_WARN_ABOUT_RETURN_TYPE = YES_ERROR;
				GCC_WARN_UNDECLARED_SELECTOR = YES;
				GCC_WARN_UNINITIALIZED_AUTOS = YES_AGGRESSIVE;
				GCC_WARN_UNUSED_FUNCTION = YES;
				GCC_WARN_UNUSED_VARIABLE = YES;
				IPHONEOS_DEPLOYMENT_TARGET = 9.0;
				MTL_ENABLE_DEBUG_INFO = YES;
				ONLY_ACTIVE_ARCH = YES;
				SDKROOT = iphoneos;
				SWIFT_OPTIMIZATION_LEVEL = "-Onone";
			};
			name = Debug;
		};
		B529FFD71BAF9DBE00257862 /* Release */ = {
			isa = XCBuildConfiguration;
			buildSettings = {
				ALWAYS_SEARCH_USER_PATHS = NO;
				CLANG_CXX_LANGUAGE_STANDARD = "gnu++0x";
				CLANG_CXX_LIBRARY = "libc++";
				CLANG_ENABLE_MODULES = YES;
				CLANG_ENABLE_OBJC_ARC = YES;
				CLANG_WARN_BOOL_CONVERSION = YES;
				CLANG_WARN_CONSTANT_CONVERSION = YES;
				CLANG_WARN_DIRECT_OBJC_ISA_USAGE = YES_ERROR;
				CLANG_WARN_EMPTY_BODY = YES;
				CLANG_WARN_ENUM_CONVERSION = YES;
				CLANG_WARN_INT_CONVERSION = YES;
				CLANG_WARN_OBJC_ROOT_CLASS = YES_ERROR;
				CLANG_WARN_UNREACHABLE_CODE = YES;
				CLANG_WARN__DUPLICATE_METHOD_MATCH = YES;
				"CODE_SIGN_IDENTITY[sdk=iphoneos*]" = "iPhone Developer";
				COPY_PHASE_STRIP = NO;
				DEBUG_INFORMATION_FORMAT = "dwarf-with-dsym";
				ENABLE_NS_ASSERTIONS = NO;
				ENABLE_STRICT_OBJC_MSGSEND = YES;
				GCC_C_LANGUAGE_STANDARD = gnu99;
				GCC_NO_COMMON_BLOCKS = YES;
				GCC_WARN_64_TO_32_BIT_CONVERSION = YES;
				GCC_WARN_ABOUT_RETURN_TYPE = YES_ERROR;
				GCC_WARN_UNDECLARED_SELECTOR = YES;
				GCC_WARN_UNINITIALIZED_AUTOS = YES_AGGRESSIVE;
				GCC_WARN_UNUSED_FUNCTION = YES;
				GCC_WARN_UNUSED_VARIABLE = YES;
				IPHONEOS_DEPLOYMENT_TARGET = 9.0;
				MTL_ENABLE_DEBUG_INFO = NO;
				SDKROOT = iphoneos;
				VALIDATE_PRODUCT = YES;
			};
			name = Release;
		};
		B529FFD91BAF9DBE00257862 /* Debug */ = {
			isa = XCBuildConfiguration;
			buildSettings = {
				ASSETCATALOG_COMPILER_APPICON_NAME = AppIcon;
				EMBEDDED_CONTENT_CONTAINS_SWIFT = YES;
				FRAMEWORK_SEARCH_PATHS = /Users/Ben/Dropbox/Projects/iOS/iOS8/FacebookSDK/;
				INFOPLIST_FILE = YogaToday/Info.plist;
				LD_RUNPATH_SEARCH_PATHS = "$(inherited) @executable_path/Frameworks";
				PRODUCT_BUNDLE_IDENTIFIER = jiahu.net.YogaToday;
				PRODUCT_NAME = "$(TARGET_NAME)";
				SWIFT_OBJC_BRIDGING_HEADER = "$(PRODUCT_NAME)/Bridging-Header.h";
			};
			name = Debug;
		};
		B529FFDA1BAF9DBE00257862 /* Release */ = {
			isa = XCBuildConfiguration;
			buildSettings = {
				ASSETCATALOG_COMPILER_APPICON_NAME = AppIcon;
				EMBEDDED_CONTENT_CONTAINS_SWIFT = YES;
				FRAMEWORK_SEARCH_PATHS = /Users/Ben/Dropbox/Projects/iOS/iOS8/FacebookSDK/;
				INFOPLIST_FILE = YogaToday/Info.plist;
				LD_RUNPATH_SEARCH_PATHS = "$(inherited) @executable_path/Frameworks";
				PRODUCT_BUNDLE_IDENTIFIER = jiahu.net.YogaToday;
				PRODUCT_NAME = "$(TARGET_NAME)";
				SWIFT_OBJC_BRIDGING_HEADER = "$(PRODUCT_NAME)/Bridging-Header.h";
			};
			name = Release;
		};
/* End XCBuildConfiguration section */

/* Begin XCConfigurationList section */
		B52900011BAF9FFD00257862 /* Build configuration list for PBXNativeTarget "YogaToday.Widget" */ = {
			isa = XCConfigurationList;
			buildConfigurations = (
				B52900021BAF9FFD00257862 /* Debug */,
				B52900031BAF9FFD00257862 /* Release */,
			);
			defaultConfigurationIsVisible = 0;
			defaultConfigurationName = Release;
		};
		B52900121BAFA04F00257862 /* Build configuration list for PBXNativeTarget "YogaTodayKit" */ = {
			isa = XCConfigurationList;
			buildConfigurations = (
				B52900131BAFA04F00257862 /* Debug */,
				B52900141BAFA04F00257862 /* Release */,
			);
			defaultConfigurationIsVisible = 0;
			defaultConfigurationName = Release;
		};
		B529008A1BAFBC8F00257862 /* Build configuration list for PBXNativeTarget "YogaToday.Widget.Video" */ = {
			isa = XCConfigurationList;
			buildConfigurations = (
				B529008B1BAFBC8F00257862 /* Debug */,
				B529008C1BAFBC8F00257862 /* Release */,
			);
			defaultConfigurationIsVisible = 0;
			defaultConfigurationName = Release;
		};
		B529FFC11BAF9DBE00257862 /* Build configuration list for PBXProject "YogaToday" */ = {
			isa = XCConfigurationList;
			buildConfigurations = (
				B529FFD61BAF9DBE00257862 /* Debug */,
				B529FFD71BAF9DBE00257862 /* Release */,
			);
			defaultConfigurationIsVisible = 0;
			defaultConfigurationName = Release;
		};
		B529FFD81BAF9DBE00257862 /* Build configuration list for PBXNativeTarget "YogaToday" */ = {
			isa = XCConfigurationList;
			buildConfigurations = (
				B529FFD91BAF9DBE00257862 /* Debug */,
				B529FFDA1BAF9DBE00257862 /* Release */,
			);
			defaultConfigurationIsVisible = 0;
			defaultConfigurationName = Release;
		};
/* End XCConfigurationList section */
	};
	rootObject = B529FFBE1BAF9DBE00257862 /* Project object */;
}
